// !$*UTF8*$!
{
	archiveVersion = 1;
	classes = {
	};
	objectVersion = 55;
	objects = {

/* Begin PBXBuildFile section */
		AAF112C84EA41E80C6E30580 /* Pods_StarWars.framework in Frameworks */ = {isa = PBXBuildFile; fileRef = A5EB9F34F562C7E09F07F64D /* Pods_StarWars.framework */; };
		E417B0EF2775CD6F001961AC /* AppDelegate.swift in Sources */ = {isa = PBXBuildFile; fileRef = E417B0EE2775CD6F001961AC /* AppDelegate.swift */; };
		E417B0F12775CD6F001961AC /* SceneDelegate.swift in Sources */ = {isa = PBXBuildFile; fileRef = E417B0F02775CD6F001961AC /* SceneDelegate.swift */; };
		E417B0F82775CD6F001961AC /* Assets.xcassets in Resources */ = {isa = PBXBuildFile; fileRef = E417B0F72775CD6F001961AC /* Assets.xcassets */; };
		E417B0FB2775CD6F001961AC /* LaunchScreen.storyboard in Resources */ = {isa = PBXBuildFile; fileRef = E417B0F92775CD6F001961AC /* LaunchScreen.storyboard */; };
		E417B1052775CDCE001961AC /* HomeViewController.swift in Sources */ = {isa = PBXBuildFile; fileRef = E417B1032775CDCE001961AC /* HomeViewController.swift */; };
		E417B1062775CDCE001961AC /* HomeViewController.xib in Resources */ = {isa = PBXBuildFile; fileRef = E417B1042775CDCE001961AC /* HomeViewController.xib */; };
		E4565B0F2775F69B00C14881 /* CharactersTableViewController.swift in Sources */ = {isa = PBXBuildFile; fileRef = E4565B0D2775F69B00C14881 /* CharactersTableViewController.swift */; };
		E4565B102775F69B00C14881 /* CharactersTableViewController.xib in Resources */ = {isa = PBXBuildFile; fileRef = E4565B0E2775F69B00C14881 /* CharactersTableViewController.xib */; };
		E4565B192775FC9400C14881 /* DataModel.swift in Sources */ = {isa = PBXBuildFile; fileRef = E4565B182775FC9400C14881 /* DataModel.swift */; };
		E4565B282776264300C14881 /* CustomCell.swift in Sources */ = {isa = PBXBuildFile; fileRef = E4565B262776264300C14881 /* CustomCell.swift */; };
		E4565B292776264300C14881 /* CustomCell.xib in Resources */ = {isa = PBXBuildFile; fileRef = E4565B272776264300C14881 /* CustomCell.xib */; };
		E45982602779CFFD00FD61F5 /* RealmService.swift in Sources */ = {isa = PBXBuildFile; fileRef = E459825F2779CFFD00FD61F5 /* RealmService.swift */; };
		E45AFE6D2775CED900D5FCBE /* TypeAlias.swift in Sources */ = {isa = PBXBuildFile; fileRef = E45AFE6A2775CED900D5FCBE /* TypeAlias.swift */; };
		E45AFE6E2775CED900D5FCBE /* Extension Decodable.swift in Sources */ = {isa = PBXBuildFile; fileRef = E45AFE6B2775CED900D5FCBE /* Extension Decodable.swift */; };
		E45AFE6F2775CED900D5FCBE /* RequestHandler.swift in Sources */ = {isa = PBXBuildFile; fileRef = E45AFE6C2775CED900D5FCBE /* RequestHandler.swift */; };
		E45AFE722775D67900D5FCBE /* SFPRODISPLAYREGULAR.OTF in Resources */ = {isa = PBXBuildFile; fileRef = E45AFE712775D67900D5FCBE /* SFPRODISPLAYREGULAR.OTF */; };
		E45AFE762775DE4300D5FCBE /* SFPRODISPLAYBOLD.OTF in Resources */ = {isa = PBXBuildFile; fileRef = E45AFE752775DE4300D5FCBE /* SFPRODISPLAYBOLD.OTF */; };
		E4949032277736A9000860FB /* swManager.swift in Sources */ = {isa = PBXBuildFile; fileRef = E4949031277736A9000860FB /* swManager.swift */; };
/* End PBXBuildFile section */

/* Begin PBXFileReference section */
		A5EB9F34F562C7E09F07F64D /* Pods_StarWars.framework */ = {isa = PBXFileReference; explicitFileType = wrapper.framework; includeInIndex = 0; path = Pods_StarWars.framework; sourceTree = BUILT_PRODUCTS_DIR; };
		ABF9C907494ED8EB73D1CF8E /* Pods-StarWars.debug.xcconfig */ = {isa = PBXFileReference; includeInIndex = 1; lastKnownFileType = text.xcconfig; name = "Pods-StarWars.debug.xcconfig"; path = "Target Support Files/Pods-StarWars/Pods-StarWars.debug.xcconfig"; sourceTree = "<group>"; };
		E417B0EB2775CD6F001961AC /* StarWars.app */ = {isa = PBXFileReference; explicitFileType = wrapper.application; includeInIndex = 0; path = StarWars.app; sourceTree = BUILT_PRODUCTS_DIR; };
		E417B0EE2775CD6F001961AC /* AppDelegate.swift */ = {isa = PBXFileReference; lastKnownFileType = sourcecode.swift; path = AppDelegate.swift; sourceTree = "<group>"; };
		E417B0F02775CD6F001961AC /* SceneDelegate.swift */ = {isa = PBXFileReference; lastKnownFileType = sourcecode.swift; path = SceneDelegate.swift; sourceTree = "<group>"; };
		E417B0F72775CD6F001961AC /* Assets.xcassets */ = {isa = PBXFileReference; lastKnownFileType = folder.assetcatalog; path = Assets.xcassets; sourceTree = "<group>"; };
		E417B0FA2775CD6F001961AC /* Base */ = {isa = PBXFileReference; lastKnownFileType = file.storyboard; name = Base; path = Base.lproj/LaunchScreen.storyboard; sourceTree = "<group>"; };
		E417B0FC2775CD6F001961AC /* Info.plist */ = {isa = PBXFileReference; lastKnownFileType = text.plist.xml; path = Info.plist; sourceTree = "<group>"; };
		E417B1032775CDCE001961AC /* HomeViewController.swift */ = {isa = PBXFileReference; lastKnownFileType = sourcecode.swift; path = HomeViewController.swift; sourceTree = "<group>"; };
		E417B1042775CDCE001961AC /* HomeViewController.xib */ = {isa = PBXFileReference; lastKnownFileType = file.xib; path = HomeViewController.xib; sourceTree = "<group>"; };
		E4565B0D2775F69B00C14881 /* CharactersTableViewController.swift */ = {isa = PBXFileReference; lastKnownFileType = sourcecode.swift; path = CharactersTableViewController.swift; sourceTree = "<group>"; };
		E4565B0E2775F69B00C14881 /* CharactersTableViewController.xib */ = {isa = PBXFileReference; lastKnownFileType = file.xib; path = CharactersTableViewController.xib; sourceTree = "<group>"; };
		E4565B182775FC9400C14881 /* DataModel.swift */ = {isa = PBXFileReference; lastKnownFileType = sourcecode.swift; path = DataModel.swift; sourceTree = "<group>"; };
		E4565B262776264300C14881 /* CustomCell.swift */ = {isa = PBXFileReference; lastKnownFileType = sourcecode.swift; path = CustomCell.swift; sourceTree = "<group>"; };
		E4565B272776264300C14881 /* CustomCell.xib */ = {isa = PBXFileReference; lastKnownFileType = file.xib; path = CustomCell.xib; sourceTree = "<group>"; };
		E459825F2779CFFD00FD61F5 /* RealmService.swift */ = {isa = PBXFileReference; lastKnownFileType = sourcecode.swift; path = RealmService.swift; sourceTree = "<group>"; };
		E45AFE6A2775CED900D5FCBE /* TypeAlias.swift */ = {isa = PBXFileReference; fileEncoding = 4; lastKnownFileType = sourcecode.swift; path = TypeAlias.swift; sourceTree = "<group>"; };
		E45AFE6B2775CED900D5FCBE /* Extension Decodable.swift */ = {isa = PBXFileReference; fileEncoding = 4; lastKnownFileType = sourcecode.swift; path = "Extension Decodable.swift"; sourceTree = "<group>"; };
		E45AFE6C2775CED900D5FCBE /* RequestHandler.swift */ = {isa = PBXFileReference; fileEncoding = 4; lastKnownFileType = sourcecode.swift; path = RequestHandler.swift; sourceTree = "<group>"; };
		E45AFE712775D67900D5FCBE /* SFPRODISPLAYREGULAR.OTF */ = {isa = PBXFileReference; lastKnownFileType = file; path = SFPRODISPLAYREGULAR.OTF; sourceTree = "<group>"; };
		E45AFE752775DE4300D5FCBE /* SFPRODISPLAYBOLD.OTF */ = {isa = PBXFileReference; lastKnownFileType = file; path = SFPRODISPLAYBOLD.OTF; sourceTree = "<group>"; };
		E4949031277736A9000860FB /* swManager.swift */ = {isa = PBXFileReference; lastKnownFileType = sourcecode.swift; path = swManager.swift; sourceTree = "<group>"; };
		EBD7D9C8EE6ED02A573DAB59 /* Pods-StarWars.release.xcconfig */ = {isa = PBXFileReference; includeInIndex = 1; lastKnownFileType = text.xcconfig; name = "Pods-StarWars.release.xcconfig"; path = "Target Support Files/Pods-StarWars/Pods-StarWars.release.xcconfig"; sourceTree = "<group>"; };
/* End PBXFileReference section */

/* Begin PBXFrameworksBuildPhase section */
		E417B0E82775CD6F001961AC /* Frameworks */ = {
			isa = PBXFrameworksBuildPhase;
			buildActionMask = 2147483647;
			files = (
				AAF112C84EA41E80C6E30580 /* Pods_StarWars.framework in Frameworks */,
			);
			runOnlyForDeploymentPostprocessing = 0;
		};
/* End PBXFrameworksBuildPhase section */

/* Begin PBXGroup section */
		1D61F197FB8434072416D95B /* Frameworks */ = {
			isa = PBXGroup;
			children = (
				A5EB9F34F562C7E09F07F64D /* Pods_StarWars.framework */,
			);
			name = Frameworks;
			sourceTree = "<group>";
		};
		B873B4F58EC70768702A87A5 /* Pods */ = {
			isa = PBXGroup;
			children = (
				ABF9C907494ED8EB73D1CF8E /* Pods-StarWars.debug.xcconfig */,
				EBD7D9C8EE6ED02A573DAB59 /* Pods-StarWars.release.xcconfig */,
			);
			path = Pods;
			sourceTree = "<group>";
		};
		E417B0E22775CD6F001961AC = {
			isa = PBXGroup;
			children = (
				E417B0ED2775CD6F001961AC /* StarWars */,
				E417B0EC2775CD6F001961AC /* Products */,
				B873B4F58EC70768702A87A5 /* Pods */,
				1D61F197FB8434072416D95B /* Frameworks */,
			);
			sourceTree = "<group>";
		};
		E417B0EC2775CD6F001961AC /* Products */ = {
			isa = PBXGroup;
			children = (
				E417B0EB2775CD6F001961AC /* StarWars.app */,
			);
			name = Products;
			sourceTree = "<group>";
		};
		E417B0ED2775CD6F001961AC /* StarWars */ = {
			isa = PBXGroup;
			children = (
				E494902E27772824000860FB /* Service */,
				E417B1022775CDB5001961AC /* HomeVC */,
				E4565B0C2775F61C00C14881 /* TableVC */,
				E4565B112775F83800C14881 /* Delegates */,
				E4565B132775F8BD00C14881 /* CustomCell */,
				E4565B122775F86700C14881 /* Assets&Info */,
				E417B0FC2775CD6F001961AC /* Info.plist */,
				E45AFE692775CE9600D5FCBE /* RequestHandler */,
				E4565B182775FC9400C14881 /* DataModel.swift */,
			);
			path = StarWars;
			sourceTree = "<group>";
		};
		E417B1022775CDB5001961AC /* HomeVC */ = {
			isa = PBXGroup;
			children = (
				E417B1032775CDCE001961AC /* HomeViewController.swift */,
				E417B1042775CDCE001961AC /* HomeViewController.xib */,
			);
			path = HomeVC;
			sourceTree = "<group>";
		};
		E4565B0C2775F61C00C14881 /* TableVC */ = {
			isa = PBXGroup;
			children = (
				E4565B0D2775F69B00C14881 /* CharactersTableViewController.swift */,
				E4565B0E2775F69B00C14881 /* CharactersTableViewController.xib */,
			);
			path = TableVC;
			sourceTree = "<group>";
		};
		E4565B112775F83800C14881 /* Delegates */ = {
			isa = PBXGroup;
			children = (
				E417B0EE2775CD6F001961AC /* AppDelegate.swift */,
				E417B0F02775CD6F001961AC /* SceneDelegate.swift */,
			);
			path = Delegates;
			sourceTree = "<group>";
		};
		E4565B122775F86700C14881 /* Assets&Info */ = {
			isa = PBXGroup;
			children = (
				E45AFE702775D65C00D5FCBE /* Fonts */,
				E417B0F72775CD6F001961AC /* Assets.xcassets */,
				E417B0F92775CD6F001961AC /* LaunchScreen.storyboard */,
			);
			path = "Assets&Info";
			sourceTree = "<group>";
		};
		E4565B132775F8BD00C14881 /* CustomCell */ = {
			isa = PBXGroup;
			children = (
				E4565B262776264300C14881 /* CustomCell.swift */,
				E4565B272776264300C14881 /* CustomCell.xib */,
			);
			path = CustomCell;
			sourceTree = "<group>";
		};
		E45AFE692775CE9600D5FCBE /* RequestHandler */ = {
			isa = PBXGroup;
			children = (
				E45AFE6B2775CED900D5FCBE /* Extension Decodable.swift */,
				E45AFE6C2775CED900D5FCBE /* RequestHandler.swift */,
				E45AFE6A2775CED900D5FCBE /* TypeAlias.swift */,
			);
			path = RequestHandler;
			sourceTree = "<group>";
		};
		E45AFE702775D65C00D5FCBE /* Fonts */ = {
			isa = PBXGroup;
			children = (
				E45AFE712775D67900D5FCBE /* SFPRODISPLAYREGULAR.OTF */,
				E45AFE752775DE4300D5FCBE /* SFPRODISPLAYBOLD.OTF */,
			);
			path = Fonts;
			sourceTree = "<group>";
		};
		E494902E27772824000860FB /* Service */ = {
			isa = PBXGroup;
			children = (
				E4949031277736A9000860FB /* swManager.swift */,
				E459825F2779CFFD00FD61F5 /* RealmService.swift */,
			);
			path = Service;
			sourceTree = "<group>";
		};
/* End PBXGroup section */

/* Begin PBXNativeTarget section */
		E417B0EA2775CD6F001961AC /* StarWars */ = {
			isa = PBXNativeTarget;
			buildConfigurationList = E417B0FF2775CD6F001961AC /* Build configuration list for PBXNativeTarget "StarWars" */;
			buildPhases = (
				618ECD550B74580DB129152B /* [CP] Check Pods Manifest.lock */,
				E417B0E72775CD6F001961AC /* Sources */,
				E417B0E82775CD6F001961AC /* Frameworks */,
				E417B0E92775CD6F001961AC /* Resources */,
				1DF1CDA62B296CF1D5DE07D7 /* [CP] Embed Pods Frameworks */,
			);
			buildRules = (
			);
			dependencies = (
			);
			name = StarWars;
			productName = StarWars;
			productReference = E417B0EB2775CD6F001961AC /* StarWars.app */;
			productType = "com.apple.product-type.application";
		};
/* End PBXNativeTarget section */

/* Begin PBXProject section */
		E417B0E32775CD6F001961AC /* Project object */ = {
			isa = PBXProject;
			attributes = {
				BuildIndependentTargetsInParallel = 1;
				LastSwiftUpdateCheck = 1310;
				LastUpgradeCheck = 1310;
				TargetAttributes = {
					E417B0EA2775CD6F001961AC = {
						CreatedOnToolsVersion = 13.1;
					};
				};
			};
			buildConfigurationList = E417B0E62775CD6F001961AC /* Build configuration list for PBXProject "StarWars" */;
			compatibilityVersion = "Xcode 13.0";
			developmentRegion = en;
			hasScannedForEncodings = 0;
			knownRegions = (
				en,
				Base,
			);
			mainGroup = E417B0E22775CD6F001961AC;
			productRefGroup = E417B0EC2775CD6F001961AC /* Products */;
			projectDirPath = "";
			projectRoot = "";
			targets = (
				E417B0EA2775CD6F001961AC /* StarWars */,
			);
		};
/* End PBXProject section */

/* Begin PBXResourcesBuildPhase section */
		E417B0E92775CD6F001961AC /* Resources */ = {
			isa = PBXResourcesBuildPhase;
			buildActionMask = 2147483647;
			files = (
				E45AFE722775D67900D5FCBE /* SFPRODISPLAYREGULAR.OTF in Resources */,
				E417B0FB2775CD6F001961AC /* LaunchScreen.storyboard in Resources */,
				E4565B292776264300C14881 /* CustomCell.xib in Resources */,
				E417B0F82775CD6F001961AC /* Assets.xcassets in Resources */,
				E4565B102775F69B00C14881 /* CharactersTableViewController.xib in Resources */,
				E45AFE762775DE4300D5FCBE /* SFPRODISPLAYBOLD.OTF in Resources */,
				E417B1062775CDCE001961AC /* HomeViewController.xib in Resources */,
			);
			runOnlyForDeploymentPostprocessing = 0;
		};
/* End PBXResourcesBuildPhase section */

/* Begin PBXShellScriptBuildPhase section */
		1DF1CDA62B296CF1D5DE07D7 /* [CP] Embed Pods Frameworks */ = {
			isa = PBXShellScriptBuildPhase;
			buildActionMask = 2147483647;
			files = (
			);
			inputFileListPaths = (
				"${PODS_ROOT}/Target Support Files/Pods-StarWars/Pods-StarWars-frameworks-${CONFIGURATION}-input-files.xcfilelist",
			);
			name = "[CP] Embed Pods Frameworks";
			outputFileListPaths = (
				"${PODS_ROOT}/Target Support Files/Pods-StarWars/Pods-StarWars-frameworks-${CONFIGURATION}-output-files.xcfilelist",
			);
			runOnlyForDeploymentPostprocessing = 0;
			shellPath = /bin/sh;
			shellScript = "\"${PODS_ROOT}/Target Support Files/Pods-StarWars/Pods-StarWars-frameworks.sh\"\n";
			showEnvVarsInLog = 0;
		};
		618ECD550B74580DB129152B /* [CP] Check Pods Manifest.lock */ = {
			isa = PBXShellScriptBuildPhase;
			buildActionMask = 2147483647;
			files = (
			);
			inputFileListPaths = (
			);
			inputPaths = (
				"${PODS_PODFILE_DIR_PATH}/Podfile.lock",
				"${PODS_ROOT}/Manifest.lock",
			);
			name = "[CP] Check Pods Manifest.lock";
			outputFileListPaths = (
			);
			outputPaths = (
				"$(DERIVED_FILE_DIR)/Pods-StarWars-checkManifestLockResult.txt",
			);
			runOnlyForDeploymentPostprocessing = 0;
			shellPath = /bin/sh;
			shellScript = "diff \"${PODS_PODFILE_DIR_PATH}/Podfile.lock\" \"${PODS_ROOT}/Manifest.lock\" > /dev/null\nif [ $? != 0 ] ; then\n    # print error to STDERR\n    echo \"error: The sandbox is not in sync with the Podfile.lock. Run 'pod install' or update your CocoaPods installation.\" >&2\n    exit 1\nfi\n# This output is used by Xcode 'outputs' to avoid re-running this script phase.\necho \"SUCCESS\" > \"${SCRIPT_OUTPUT_FILE_0}\"\n";
			showEnvVarsInLog = 0;
		};
/* End PBXShellScriptBuildPhase section */

/* Begin PBXSourcesBuildPhase section */
		E417B0E72775CD6F001961AC /* Sources */ = {
			isa = PBXSourcesBuildPhase;
			buildActionMask = 2147483647;
			files = (
				E417B0EF2775CD6F001961AC /* AppDelegate.swift in Sources */,
				E45982602779CFFD00FD61F5 /* RealmService.swift in Sources */,
				E417B0F12775CD6F001961AC /* SceneDelegate.swift in Sources */,
				E4565B0F2775F69B00C14881 /* CharactersTableViewController.swift in Sources */,
				E4949032277736A9000860FB /* swManager.swift in Sources */,
				E45AFE6F2775CED900D5FCBE /* RequestHandler.swift in Sources */,
				E4565B282776264300C14881 /* CustomCell.swift in Sources */,
				E45AFE6D2775CED900D5FCBE /* TypeAlias.swift in Sources */,
				E417B1052775CDCE001961AC /* HomeViewController.swift in Sources */,
				E45AFE6E2775CED900D5FCBE /* Extension Decodable.swift in Sources */,
				E4565B192775FC9400C14881 /* DataModel.swift in Sources */,
			);
			runOnlyForDeploymentPostprocessing = 0;
		};
/* End PBXSourcesBuildPhase section */

/* Begin PBXVariantGroup section */
		E417B0F92775CD6F001961AC /* LaunchScreen.storyboard */ = {
			isa = PBXVariantGroup;
			children = (
				E417B0FA2775CD6F001961AC /* Base */,
			);
			name = LaunchScreen.storyboard;
			sourceTree = "<group>";
		};
/* End PBXVariantGroup section */

/* Begin XCBuildConfiguration section */
		E417B0FD2775CD6F001961AC /* Debug */ = {
			isa = XCBuildConfiguration;
			buildSettings = {
				ALWAYS_SEARCH_USER_PATHS = NO;
				CLANG_ANALYZER_NONNULL = YES;
				CLANG_ANALYZER_NUMBER_OBJECT_CONVERSION = YES_AGGRESSIVE;
				CLANG_CXX_LANGUAGE_STANDARD = "gnu++17";
				CLANG_CXX_LIBRARY = "libc++";
				CLANG_ENABLE_MODULES = YES;
				CLANG_ENABLE_OBJC_ARC = YES;
				CLANG_ENABLE_OBJC_WEAK = YES;
				CLANG_WARN_BLOCK_CAPTURE_AUTORELEASING = YES;
				CLANG_WARN_BOOL_CONVERSION = YES;
				CLANG_WARN_COMMA = YES;
				CLANG_WARN_CONSTANT_CONVERSION = YES;
				CLANG_WARN_DEPRECATED_OBJC_IMPLEMENTATIONS = YES;
				CLANG_WARN_DIRECT_OBJC_ISA_USAGE = YES_ERROR;
				CLANG_WARN_DOCUMENTATION_COMMENTS = YES;
				CLANG_WARN_EMPTY_BODY = YES;
				CLANG_WARN_ENUM_CONVERSION = YES;
				CLANG_WARN_INFINITE_RECURSION = YES;
				CLANG_WARN_INT_CONVERSION = YES;
				CLANG_WARN_NON_LITERAL_NULL_CONVERSION = YES;
				CLANG_WARN_OBJC_IMPLICIT_RETAIN_SELF = YES;
				CLANG_WARN_OBJC_LITERAL_CONVERSION = YES;
				CLANG_WARN_OBJC_ROOT_CLASS = YES_ERROR;
				CLANG_WARN_QUOTED_INCLUDE_IN_FRAMEWORK_HEADER = YES;
				CLANG_WARN_RANGE_LOOP_ANALYSIS = YES;
				CLANG_WARN_STRICT_PROTOTYPES = YES;
				CLANG_WARN_SUSPICIOUS_MOVE = YES;
				CLANG_WARN_UNGUARDED_AVAILABILITY = YES_AGGRESSIVE;
				CLANG_WARN_UNREACHABLE_CODE = YES;
				CLANG_WARN__DUPLICATE_METHOD_MATCH = YES;
				COPY_PHASE_STRIP = NO;
				DEBUG_INFORMATION_FORMAT = dwarf;
				ENABLE_STRICT_OBJC_MSGSEND = YES;
				ENABLE_TESTABILITY = YES;
				GCC_C_LANGUAGE_STANDARD = gnu11;
				GCC_DYNAMIC_NO_PIC = NO;
				GCC_NO_COMMON_BLOCKS = YES;
				GCC_OPTIMIZATION_LEVEL = 0;
				GCC_PREPROCESSOR_DEFINITIONS = (
					"DEBUG=1",
					"$(inherited)",
				);
				GCC_WARN_64_TO_32_BIT_CONVERSION = YES;
				GCC_WARN_ABOUT_RETURN_TYPE = YES_ERROR;
				GCC_WARN_UNDECLARED_SELECTOR = YES;
				GCC_WARN_UNINITIALIZED_AUTOS = YES_AGGRESSIVE;
				GCC_WARN_UNUSED_FUNCTION = YES;
				GCC_WARN_UNUSED_VARIABLE = YES;
				IPHONEOS_DEPLOYMENT_TARGET = 15.0;
				MTL_ENABLE_DEBUG_INFO = INCLUDE_SOURCE;
				MTL_FAST_MATH = YES;
				ONLY_ACTIVE_ARCH = YES;
				SDKROOT = iphoneos;
				SWIFT_ACTIVE_COMPILATION_CONDITIONS = DEBUG;
				SWIFT_OPTIMIZATION_LEVEL = "-Onone";
			};
			name = Debug;
		};
		E417B0FE2775CD6F001961AC /* Release */ = {
			isa = XCBuildConfiguration;
			buildSettings = {
				ALWAYS_SEARCH_USER_PATHS = NO;
				CLANG_ANALYZER_NONNULL = YES;
				CLANG_ANALYZER_NUMBER_OBJECT_CONVERSION = YES_AGGRESSIVE;
				CLANG_CXX_LANGUAGE_STANDARD = "gnu++17";
				CLANG_CXX_LIBRARY = "libc++";
				CLANG_ENABLE_MODULES = YES;
				CLANG_ENABLE_OBJC_ARC = YES;
				CLANG_ENABLE_OBJC_WEAK = YES;
				CLANG_WARN_BLOCK_CAPTURE_AUTORELEASING = YES;
				CLANG_WARN_BOOL_CONVERSION = YES;
				CLANG_WARN_COMMA = YES;
				CLANG_WARN_CONSTANT_CONVERSION = YES;
				CLANG_WARN_DEPRECATED_OBJC_IMPLEMENTATIONS = YES;
				CLANG_WARN_DIRECT_OBJC_ISA_USAGE = YES_ERROR;
				CLANG_WARN_DOCUMENTATION_COMMENTS = YES;
				CLANG_WARN_EMPTY_BODY = YES;
				CLANG_WARN_ENUM_CONVERSION = YES;
				CLANG_WARN_INFINITE_RECURSION = YES;
				CLANG_WARN_INT_CONVERSION = YES;
				CLANG_WARN_NON_LITERAL_NULL_CONVERSION = YES;
				CLANG_WARN_OBJC_IMPLICIT_RETAIN_SELF = YES;
				CLANG_WARN_OBJC_LITERAL_CONVERSION = YES;
				CLANG_WARN_OBJC_ROOT_CLASS = YES_ERROR;
				CLANG_WARN_QUOTED_INCLUDE_IN_FRAMEWORK_HEADER = YES;
				CLANG_WARN_RANGE_LOOP_ANALYSIS = YES;
				CLANG_WARN_STRICT_PROTOTYPES = YES;
				CLANG_WARN_SUSPICIOUS_MOVE = YES;
				CLANG_WARN_UNGUARDED_AVAILABILITY = YES_AGGRESSIVE;
				CLANG_WARN_UNREACHABLE_CODE = YES;
				CLANG_WARN__DUPLICATE_METHOD_MATCH = YES;
				COPY_PHASE_STRIP = NO;
				DEBUG_INFORMATION_FORMAT = "dwarf-with-dsym";
				ENABLE_NS_ASSERTIONS = NO;
				ENABLE_STRICT_OBJC_MSGSEND = YES;
				GCC_C_LANGUAGE_STANDARD = gnu11;
				GCC_NO_COMMON_BLOCKS = YES;
				GCC_WARN_64_TO_32_BIT_CONVERSION = YES;
				GCC_WARN_ABOUT_RETURN_TYPE = YES_ERROR;
				GCC_WARN_UNDECLARED_SELECTOR = YES;
				GCC_WARN_UNINITIALIZED_AUTOS = YES_AGGRESSIVE;
				GCC_WARN_UNUSED_FUNCTION = YES;
				GCC_WARN_UNUSED_VARIABLE = YES;
				IPHONEOS_DEPLOYMENT_TARGET = 15.0;
				MTL_ENABLE_DEBUG_INFO = NO;
				MTL_FAST_MATH = YES;
				SDKROOT = iphoneos;
				SWIFT_COMPILATION_MODE = wholemodule;
				SWIFT_OPTIMIZATION_LEVEL = "-O";
				VALIDATE_PRODUCT = YES;
			};
			name = Release;
		};
		E417B1002775CD6F001961AC /* Debug */ = {
			isa = XCBuildConfiguration;
			baseConfigurationReference = ABF9C907494ED8EB73D1CF8E /* Pods-StarWars.debug.xcconfig */;
			buildSettings = {
				ASSETCATALOG_COMPILER_APPICON_NAME = AppIcon;
				ASSETCATALOG_COMPILER_GLOBAL_ACCENT_COLOR_NAME = AccentColor;
				CODE_SIGN_STYLE = Automatic;
				CURRENT_PROJECT_VERSION = 1;
				DEVELOPMENT_TEAM = 2D43MDQ38V;
				GENERATE_INFOPLIST_FILE = YES;
				INFOPLIST_FILE = StarWars/Info.plist;
				INFOPLIST_KEY_UIApplicationSupportsIndirectInputEvents = YES;
				INFOPLIST_KEY_UILaunchStoryboardName = LaunchScreen;
				INFOPLIST_KEY_UISupportedInterfaceOrientations = UIInterfaceOrientationPortrait;
				INFOPLIST_KEY_UISupportedInterfaceOrientations_iPad = "UIInterfaceOrientationPortrait UIInterfaceOrientationPortraitUpsideDown UIInterfaceOrientationLandscapeLeft UIInterfaceOrientationLandscapeRight";
				INFOPLIST_KEY_UISupportedInterfaceOrientations_iPhone = "UIInterfaceOrientationPortrait UIInterfaceOrientationLandscapeLeft UIInterfaceOrientationLandscapeRight";
				LD_RUNPATH_SEARCH_PATHS = (
					"$(inherited)",
					"@executable_path/Frameworks",
				);
				MARKETING_VERSION = 1.0;
				PRODUCT_BUNDLE_IDENTIFIER = com.mycompany.button.StarWars;
				PRODUCT_NAME = "$(TARGET_NAME)";
				SWIFT_EMIT_LOC_STRINGS = YES;
				SWIFT_VERSION = 5.0;
				TARGETED_DEVICE_FAMILY = "1,2";
			};
			name = Debug;
		};
		E417B1012775CD6F001961AC /* Release */ = {
			isa = XCBuildConfiguration;
			baseConfigurationReference = EBD7D9C8EE6ED02A573DAB59 /* Pods-StarWars.release.xcconfig */;
			buildSettings = {
				ASSETCATALOG_COMPILER_APPICON_NAME = AppIcon;
				ASSETCATALOG_COMPILER_GLOBAL_ACCENT_COLOR_NAME = AccentColor;
				CODE_SIGN_STYLE = Automatic;
				CURRENT_PROJECT_VERSION = 1;
				DEVELOPMENT_TEAM = 2D43MDQ38V;
				GENERATE_INFOPLIST_FILE = YES;
				INFOPLIST_FILE = StarWars/Info.plist;
				INFOPLIST_KEY_UIApplicationSupportsIndirectInputEvents = YES;
				INFOPLIST_KEY_UILaunchStoryboardName = LaunchScreen;
				INFOPLIST_KEY_UISupportedInterfaceOrientations = UIInterfaceOrientationPortrait;
				INFOPLIST_KEY_UISupportedInterfaceOrientations_iPad = "UIInterfaceOrientationPortrait UIInterfaceOrientationPortraitUpsideDown UIInterfaceOrientationLandscapeLeft UIInterfaceOrientationLandscapeRight";
				INFOPLIST_KEY_UISupportedInterfaceOrientations_iPhone = "UIInterfaceOrientationPortrait UIInterfaceOrientationLandscapeLeft UIInterfaceOrientationLandscapeRight";
				LD_RUNPATH_SEARCH_PATHS = (
					"$(inherited)",
					"@executable_path/Frameworks",
				);
				MARKETING_VERSION = 1.0;
				PRODUCT_BUNDLE_IDENTIFIER = com.mycompany.button.StarWars;
				PRODUCT_NAME = "$(TARGET_NAME)";
				SWIFT_EMIT_LOC_STRINGS = YES;
				SWIFT_VERSION = 5.0;
				TARGETED_DEVICE_FAMILY = "1,2";
			};
			name = Release;
		};
/* End XCBuildConfiguration section */

/* Begin XCConfigurationList section */
		E417B0E62775CD6F001961AC /* Build configuration list for PBXProject "StarWars" */ = {
			isa = XCConfigurationList;
			buildConfigurations = (
				E417B0FD2775CD6F001961AC /* Debug */,
				E417B0FE2775CD6F001961AC /* Release */,
			);
			defaultConfigurationIsVisible = 0;
			defaultConfigurationName = Release;
		};
		E417B0FF2775CD6F001961AC /* Build configuration list for PBXNativeTarget "StarWars" */ = {
			isa = XCConfigurationList;
			buildConfigurations = (
				E417B1002775CD6F001961AC /* Debug */,
				E417B1012775CD6F001961AC /* Release */,
			);
			defaultConfigurationIsVisible = 0;
			defaultConfigurationName = Release;
		};
/* End XCConfigurationList section */
	};
	rootObject = E417B0E32775CD6F001961AC /* Project object */;
}
